
Microsoft Visual Studio Solution File, Format Version 12.00
# Visual Studio 2015
Project("{FAE04EC0-301F-11D3-BF4B-00C04F79EFBC}") = "Game2D_TankShooter.CSharp", "Game2D_TankShooter.CSharp.csproj", "{9D821082-A02A-837F-7E2D-F70A5B9708E0}"
EndProject
Project("{FAE04EC0-301F-11D3-BF4B-00C04F79EFBC}") = "Game2D_TankShooter.CSharp.Editor", "Game2D_TankShooter.CSharp.Editor.csproj", "{4F8AF922-DBA2-178C-BBE6-EEB42489CFCC}"
EndProject
Global
	GlobalSection(SolutionConfigurationPlatforms) = preSolution
		Debug|Any CPU = Debug|Any CPU
		Release|Any CPU = Release|Any CPU
	EndGlobalSection
	GlobalSection(ProjectConfigurationPlatforms) = postSolution
		{9D821082-A02A-837F-7E2D-F70A5B9708E0}.Debug|Any CPU.ActiveCfg = Debug|Any CPU
		{9D821082-A02A-837F-7E2D-F70A5B9708E0}.Debug|Any CPU.Build.0 = Debug|Any CPU
		{9D821082-A02A-837F-7E2D-F70A5B9708E0}.Release|Any CPU.ActiveCfg = Release|Any CPU
		{9D821082-A02A-837F-7E2D-F70A5B9708E0}.Release|Any CPU.Build.0 = Release|Any CPU
		{4F8AF922-DBA2-178C-BBE6-EEB42489CFCC}.Debug|Any CPU.ActiveCfg = Debug|Any CPU
		{4F8AF922-DBA2-178C-BBE6-EEB42489CFCC}.Debug|Any CPU.Build.0 = Debug|Any CPU
		{4F8AF922-DBA2-178C-BBE6-EEB42489CFCC}.Release|Any CPU.ActiveCfg = Release|Any CPU
		{4F8AF922-DBA2-178C-BBE6-EEB42489CFCC}.Release|Any CPU.Build.0 = Release|Any CPU
	EndGlobalSection
	GlobalSection(SolutionProperties) = preSolution
		HideSolutionNode = FALSE
	EndGlobalSection
EndGlobal
